// !$*UTF8*$!
{
	archiveVersion = 1;
	classes = {
	};
	objectVersion = 46;
	objects = {

/* Begin PBXBuildFile section */
		AB9D5BC594D02B859A18C874 /* Pods_PieChartDemo.framework in Frameworks */ = {isa = PBXBuildFile; fileRef = D6F946A50DA3988A5D45F475 /* Pods_PieChartDemo.framework */; };
		FB7F35B61F1EEE5600F4E40D /* main.m in Sources */ = {isa = PBXBuildFile; fileRef = FB7F35B51F1EEE5600F4E40D /* main.m */; };
		FB7F35B91F1EEE5600F4E40D /* AppDelegate.m in Sources */ = {isa = PBXBuildFile; fileRef = FB7F35B81F1EEE5600F4E40D /* AppDelegate.m */; };
		FB7F35BC1F1EEE5600F4E40D /* ViewController.m in Sources */ = {isa = PBXBuildFile; fileRef = FB7F35BB1F1EEE5600F4E40D /* ViewController.m */; };
		FB7F35BF1F1EEE5600F4E40D /* Main.storyboard in Resources */ = {isa = PBXBuildFile; fileRef = FB7F35BD1F1EEE5600F4E40D /* Main.storyboard */; };
		FB7F35C11F1EEE5600F4E40D /* Assets.xcassets in Resources */ = {isa = PBXBuildFile; fileRef = FB7F35C01F1EEE5600F4E40D /* Assets.xcassets */; };
		FB7F35C41F1EEE5600F4E40D /* LaunchScreen.storyboard in Resources */ = {isa = PBXBuildFile; fileRef = FB7F35C21F1EEE5600F4E40D /* LaunchScreen.storyboard */; };
		FB7F35CD1F1EFE0A00F4E40D /* Test.swift in Sources */ = {isa = PBXBuildFile; fileRef = FB7F35CC1F1EFE0A00F4E40D /* Test.swift */; };
/* End PBXBuildFile section */

/* Begin PBXFileReference section */
		340BF4D4DF321BBE32C73BD7 /* Pods-PieChartDemo.debug.xcconfig */ = {isa = PBXFileReference; includeInIndex = 1; lastKnownFileType = text.xcconfig; name = "Pods-PieChartDemo.debug.xcconfig"; path = "Pods/Target Support Files/Pods-PieChartDemo/Pods-PieChartDemo.debug.xcconfig"; sourceTree = "<group>"; };
		538B34D9731CE7997056D777 /* Pods-PieChartDemo.release.xcconfig */ = {isa = PBXFileReference; includeInIndex = 1; lastKnownFileType = text.xcconfig; name = "Pods-PieChartDemo.release.xcconfig"; path = "Pods/Target Support Files/Pods-PieChartDemo/Pods-PieChartDemo.release.xcconfig"; sourceTree = "<group>"; };
		D6F946A50DA3988A5D45F475 /* Pods_PieChartDemo.framework */ = {isa = PBXFileReference; explicitFileType = wrapper.framework; includeInIndex = 0; path = Pods_PieChartDemo.framework; sourceTree = BUILT_PRODUCTS_DIR; };
		FB7F35B11F1EEE5600F4E40D /* PieChartDemo.app */ = {isa = PBXFileReference; explicitFileType = wrapper.application; includeInIndex = 0; path = PieChartDemo.app; sourceTree = BUILT_PRODUCTS_DIR; };
		FB7F35B51F1EEE5600F4E40D /* main.m */ = {isa = PBXFileReference; lastKnownFileType = sourcecode.c.objc; path = main.m; sourceTree = "<group>"; };
		FB7F35B71F1EEE5600F4E40D /* AppDelegate.h */ = {isa = PBXFileReference; lastKnownFileType = sourcecode.c.h; path = AppDelegate.h; sourceTree = "<group>"; };
		FB7F35B81F1EEE5600F4E40D /* AppDelegate.m */ = {isa = PBXFileReference; lastKnownFileType = sourcecode.c.objc; path = AppDelegate.m; sourceTree = "<group>"; };
		FB7F35BA1F1EEE5600F4E40D /* ViewController.h */ = {isa = PBXFileReference; lastKnownFileType = sourcecode.c.h; path = ViewController.h; sourceTree = "<group>"; };
		FB7F35BB1F1EEE5600F4E40D /* ViewController.m */ = {isa = PBXFileReference; lastKnownFileType = sourcecode.c.objc; path = ViewController.m; sourceTree = "<group>"; };
		FB7F35BE1F1EEE5600F4E40D /* Base */ = {isa = PBXFileReference; lastKnownFileType = file.storyboard; name = Base; path = Base.lproj/Main.storyboard; sourceTree = "<group>"; };
		FB7F35C01F1EEE5600F4E40D /* Assets.xcassets */ = {isa = PBXFileReference; lastKnownFileType = folder.assetcatalog; path = Assets.xcassets; sourceTree = "<group>"; };
		FB7F35C31F1EEE5600F4E40D /* Base */ = {isa = PBXFileReference; lastKnownFileType = file.storyboard; name = Base; path = Base.lproj/LaunchScreen.storyboard; sourceTree = "<group>"; };
		FB7F35C51F1EEE5600F4E40D /* Info.plist */ = {isa = PBXFileReference; lastKnownFileType = text.plist.xml; path = Info.plist; sourceTree = "<group>"; };
		FB7F35CB1F1EFE0900F4E40D /* PieChartDemo-Bridging-Header.h */ = {isa = PBXFileReference; lastKnownFileType = sourcecode.c.h; path = "PieChartDemo-Bridging-Header.h"; sourceTree = "<group>"; };
		FB7F35CC1F1EFE0A00F4E40D /* Test.swift */ = {isa = PBXFileReference; fileEncoding = 4; lastKnownFileType = sourcecode.swift; path = Test.swift; sourceTree = "<group>"; };
/* End PBXFileReference section */

/* Begin PBXFrameworksBuildPhase section */
		FB7F35AE1F1EEE5600F4E40D /* Frameworks */ = {
			isa = PBXFrameworksBuildPhase;
			buildActionMask = 2147483647;
			files = (
				AB9D5BC594D02B859A18C874 /* Pods_PieChartDemo.framework in Frameworks */,
			);
			runOnlyForDeploymentPostprocessing = 0;
		};
/* End PBXFrameworksBuildPhase section */

/* Begin PBXGroup section */
		66430A3E72B724555D871F98 /* Frameworks */ = {
			isa = PBXGroup;
			children = (
				D6F946A50DA3988A5D45F475 /* Pods_PieChartDemo.framework */,
			);
			name = Frameworks;
			sourceTree = "<group>";
		};
		F2C2D9442A967764F79F1EFC /* Pods */ = {
			isa = PBXGroup;
			children = (
				340BF4D4DF321BBE32C73BD7 /* Pods-PieChartDemo.debug.xcconfig */,
				538B34D9731CE7997056D777 /* Pods-PieChartDemo.release.xcconfig */,
			);
			name = Pods;
			sourceTree = "<group>";
		};
		FB7F35A81F1EEE5600F4E40D = {
			isa = PBXGroup;
			children = (
				FB7F35B31F1EEE5600F4E40D /* PieChartDemo */,
				FB7F35B21F1EEE5600F4E40D /* Products */,
				F2C2D9442A967764F79F1EFC /* Pods */,
				66430A3E72B724555D871F98 /* Frameworks */,
			);
			sourceTree = "<group>";
		};
		FB7F35B21F1EEE5600F4E40D /* Products */ = {
			isa = PBXGroup;
			children = (
				FB7F35B11F1EEE5600F4E40D /* PieChartDemo.app */,
			);
			name = Products;
			sourceTree = "<group>";
		};
		FB7F35B31F1EEE5600F4E40D /* PieChartDemo */ = {
			isa = PBXGroup;
			children = (
				FB7F35B71F1EEE5600F4E40D /* AppDelegate.h */,
				FB7F35B81F1EEE5600F4E40D /* AppDelegate.m */,
				FB7F35BA1F1EEE5600F4E40D /* ViewController.h */,
				FB7F35BB1F1EEE5600F4E40D /* ViewController.m */,
				FB7F35BD1F1EEE5600F4E40D /* Main.storyboard */,
				FB7F35C01F1EEE5600F4E40D /* Assets.xcassets */,
				FB7F35C21F1EEE5600F4E40D /* LaunchScreen.storyboard */,
				FB7F35C51F1EEE5600F4E40D /* Info.plist */,
				FB7F35B41F1EEE5600F4E40D /* Supporting Files */,
			);
			path = PieChartDemo;
			sourceTree = "<group>";
		};
		FB7F35B41F1EEE5600F4E40D /* Supporting Files */ = {
			isa = PBXGroup;
			children = (
				FB7F35B51F1EEE5600F4E40D /* main.m */,
				FB7F35CC1F1EFE0A00F4E40D /* Test.swift */,
				FB7F35CB1F1EFE0900F4E40D /* PieChartDemo-Bridging-Header.h */,
			);
			name = "Supporting Files";
			sourceTree = "<group>";
		};
/* End PBXGroup section */

/* Begin PBXNativeTarget section */
		FB7F35B01F1EEE5600F4E40D /* PieChartDemo */ = {
			isa = PBXNativeTarget;
			buildConfigurationList = FB7F35C81F1EEE5600F4E40D /* Build configuration list for PBXNativeTarget "PieChartDemo" */;
			buildPhases = (
				E2FBD75FC8BBB721469411BC /* [CP] Check Pods Manifest.lock */,
				FB7F35AD1F1EEE5600F4E40D /* Sources */,
				FB7F35AE1F1EEE5600F4E40D /* Frameworks */,
				FB7F35AF1F1EEE5600F4E40D /* Resources */,
				0B2734E8A8509D2C3EE9F289 /* [CP] Embed Pods Frameworks */,
				EFF2C1257C2A67F77435CE69 /* [CP] Copy Pods Resources */,
			);
			buildRules = (
			);
			dependencies = (
			);
			name = PieChartDemo;
			productName = PieChartDemo;
			productReference = FB7F35B11F1EEE5600F4E40D /* PieChartDemo.app */;
			productType = "com.apple.product-type.application";
		};
/* End PBXNativeTarget section */

/* Begin PBXProject section */
		FB7F35A91F1EEE5600F4E40D /* Project object */ = {
			isa = PBXProject;
			attributes = {
				LastUpgradeCheck = 0830;
				ORGANIZATIONNAME = duodian;
				TargetAttributes = {
					FB7F35B01F1EEE5600F4E40D = {
						CreatedOnToolsVersion = 8.3.2;
						LastSwiftMigration = 0830;
						ProvisioningStyle = Automatic;
					};
				};
			};
			buildConfigurationList = FB7F35AC1F1EEE5600F4E40D /* Build configuration list for PBXProject "PieChartDemo" */;
			compatibilityVersion = "Xcode 3.2";
			developmentRegion = English;
			hasScannedForEncodings = 0;
			knownRegions = (
				en,
				Base,
			);
			mainGroup = FB7F35A81F1EEE5600F4E40D;
			productRefGroup = FB7F35B21F1EEE5600F4E40D /* Products */;
			projectDirPath = "";
			projectRoot = "";
			targets = (
				FB7F35B01F1EEE5600F4E40D /* PieChartDemo */,
			);
		};
/* End PBXProject section */

/* Begin PBXResourcesBuildPhase section */
		FB7F35AF1F1EEE5600F4E40D /* Resources */ = {
			isa = PBXResourcesBuildPhase;
			buildActionMask = 2147483647;
			files = (
				FB7F35C41F1EEE5600F4E40D /* LaunchScreen.storyboard in Resources */,
				FB7F35C11F1EEE5600F4E40D /* Assets.xcassets in Resources */,
				FB7F35BF1F1EEE5600F4E40D /* Main.storyboard in Resources */,
			);
			runOnlyForDeploymentPostprocessing = 0;
		};
/* End PBXResourcesBuildPhase section */

/* Begin PBXShellScriptBuildPhase section */
		0B2734E8A8509D2C3EE9F289 /* [CP] Embed Pods Frameworks */ = {
			isa = PBXShellScriptBuildPhase;
			buildActionMask = 2147483647;
			files = (
			);
			inputPaths = (
			);
			name = "[CP] Embed Pods Frameworks";
			outputPaths = (
			);
			runOnlyForDeploymentPostprocessing = 0;
			shellPath = /bin/sh;
			shellScript = "\"${SRCROOT}/Pods/Target Support Files/Pods-PieChartDemo/Pods-PieChartDemo-frameworks.sh\"\n";
			showEnvVarsInLog = 0;
		};
		E2FBD75FC8BBB721469411BC /* [CP] Check Pods Manifest.lock */ = {
			isa = PBXShellScriptBuildPhase;
			buildActionMask = 2147483647;
			files = (
			);
			inputPaths = (
			);
			name = "[CP] Check Pods Manifest.lock";
			outputPaths = (
			);
			runOnlyForDeploymentPostprocessing = 0;
			shellPath = /bin/sh;
			shellScript = "diff \"${PODS_PODFILE_DIR_PATH}/Podfile.lock\" \"${PODS_ROOT}/Manifest.lock\" > /dev/null\nif [ $? != 0 ] ; then\n    # print error to STDERR\n    echo \"error: The sandbox is not in sync with the Podfile.lock. Run 'pod install' or update your CocoaPods installation.\" >&2\n    exit 1\nfi\n";
			showEnvVarsInLog = 0;
		};
		EFF2C1257C2A67F77435CE69 /* [CP] Copy Pods Resources */ = {
			isa = PBXShellScriptBuildPhase;
			buildActionMask = 2147483647;
			files = (
			);
			inputPaths = (
			);
			name = "[CP] Copy Pods Resources";
			outputPaths = (
			);
			runOnlyForDeploymentPostprocessing = 0;
			shellPath = /bin/sh;
			shellScript = "\"${SRCROOT}/Pods/Target Support Files/Pods-PieChartDemo/Pods-PieChartDemo-resources.sh\"\n";
			showEnvVarsInLog = 0;
		};
/* End PBXShellScriptBuildPhase section */

/* Begin PBXSourcesBuildPhase section */
		FB7F35AD1F1EEE5600F4E40D /* Sources */ = {
			isa = PBXSourcesBuildPhase;
			buildActionMask = 2147483647;
			files = (
				FB7F35BC1F1EEE5600F4E40D /* ViewController.m in Sources */,
				FB7F35CD1F1EFE0A00F4E40D /* Test.swift in Sources */,
				FB7F35B91F1EEE5600F4E40D /* AppDelegate.m in Sources */,
				FB7F35B61F1EEE5600F4E40D /* main.m in Sources */,
			);
			runOnlyForDeploymentPostprocessing = 0;
		};
/* End PBXSourcesBuildPhase section */

/* Begin PBXVariantGroup section */
		FB7F35BD1F1EEE5600F4E40D /* Main.storyboard */ = {
			isa = PBXVariantGroup;
			children = (
				FB7F35BE1F1EEE5600F4E40D /* Base */,
			);
			name = Main.storyboard;
			sourceTree = "<group>";
		};
		FB7F35C21F1EEE5600F4E40D /* LaunchScreen.storyboard */ = {
			isa = PBXVariantGroup;
			children = (
				FB7F35C31F1EEE5600F4E40D /* Base */,
			);
			name = LaunchScreen.storyboard;
			sourceTree = "<group>";
		};
/* End PBXVariantGroup section */

/* Begin XCBuildConfiguration section */
		FB7F35C61F1EEE5600F4E40D /* Debug */ = {
			isa = XCBuildConfiguration;
			buildSettings = {
				ALWAYS_SEARCH_USER_PATHS = NO;
				CLANG_ANALYZER_NONNULL = YES;
				CLANG_ANALYZER_NUMBER_OBJECT_CONVERSION = YES_AGGRESSIVE;
				CLANG_CXX_LANGUAGE_STANDARD = "gnu++0x";
				CLANG_CXX_LIBRARY = "libc++";
				CLANG_ENABLE_MODULES = YES;
				CLANG_ENABLE_OBJC_ARC = YES;
				CLANG_WARN_BOOL_CONVERSION = YES;
				CLANG_WARN_CONSTANT_CONVERSION = YES;
				CLANG_WARN_DIRECT_OBJC_ISA_USAGE = YES_ERROR;
				CLANG_WARN_DOCUMENTATION_COMMENTS = YES;
				CLANG_WARN_EMPTY_BODY = YES;
				CLANG_WARN_ENUM_CONVERSION = YES;
				CLANG_WARN_INFINITE_RECURSION = YES;
				CLANG_WARN_INT_CONVERSION = YES;
				CLANG_WARN_OBJC_ROOT_CLASS = YES_ERROR;
				CLANG_WARN_SUSPICIOUS_MOVE = YES;
				CLANG_WARN_UNREACHABLE_CODE = YES;
				CLANG_WARN__DUPLICATE_METHOD_MATCH = YES;
				"CODE_SIGN_IDENTITY[sdk=iphoneos*]" = "iPhone Developer";
				COPY_PHASE_STRIP = NO;
				DEBUG_INFORMATION_FORMAT = dwarf;
				ENABLE_STRICT_OBJC_MSGSEND = YES;
				ENABLE_TESTABILITY = YES;
				GCC_C_LANGUAGE_STANDARD = gnu99;
				GCC_DYNAMIC_NO_PIC = NO;
				GCC_NO_COMMON_BLOCKS = YES;
				GCC_OPTIMIZATION_LEVEL = 0;
				GCC_PREPROCESSOR_DEFINITIONS = (
					"DEBUG=1",
					"$(inherited)",
				);
				GCC_WARN_64_TO_32_BIT_CONVERSION = YES;
				GCC_WARN_ABOUT_RETURN_TYPE = YES_ERROR;
				GCC_WARN_UNDECLARED_SELECTOR = YES;
				GCC_WARN_UNINITIALIZED_AUTOS = YES_AGGRESSIVE;
				GCC_WARN_UNUSED_FUNCTION = YES;
				GCC_WARN_UNUSED_VARIABLE = YES;
				IPHONEOS_DEPLOYMENT_TARGET = 10.3;
				MTL_ENABLE_DEBUG_INFO = YES;
				ONLY_ACTIVE_ARCH = YES;
				SDKROOT = iphoneos;
			};
			name = Debug;
		};
		FB7F35C71F1EEE5600F4E40D /* Release */ = {
			isa = XCBuildConfiguration;
			buildSettings = {
				ALWAYS_SEARCH_USER_PATHS = NO;
				CLANG_ANALYZER_NONNULL = YES;
				CLANG_ANALYZER_NUMBER_OBJECT_CONVERSION = YES_AGGRESSIVE;
				CLANG_CXX_LANGUAGE_STANDARD = "gnu++0x";
				CLANG_CXX_LIBRARY = "libc++";
				CLANG_ENABLE_MODULES = YES;
				CLANG_ENABLE_OBJC_ARC = YES;
				CLANG_WARN_BOOL_CONVERSION = YES;
				CLANG_WARN_CONSTANT_CONVERSION = YES;
				CLANG_WARN_DIRECT_OBJC_ISA_USAGE = YES_ERROR;
				CLANG_WARN_DOCUMENTATION_COMMENTS = YES;
				CLANG_WARN_EMPTY_BODY = YES;
				CLANG_WARN_ENUM_CONVERSION = YES;
				CLANG_WARN_INFINITE_RECURSION = YES;
				CLANG_WARN_INT_CONVERSION = YES;
				CLANG_WARN_OBJC_ROOT_CLASS = YES_ERROR;
				CLANG_WARN_SUSPICIOUS_MOVE = YES;
				CLANG_WARN_UNREACHABLE_CODE = YES;
				CLANG_WARN__DUPLICATE_METHOD_MATCH = YES;
				"CODE_SIGN_IDENTITY[sdk=iphoneos*]" = "iPhone Developer";
				COPY_PHASE_STRIP = NO;
				DEBUG_INFORMATION_FORMAT = "dwarf-with-dsym";
				ENABLE_NS_ASSERTIONS = NO;
				ENABLE_STRICT_OBJC_MSGSEND = YES;
				GCC_C_LANGUAGE_STANDARD = gnu99;
				GCC_NO_COMMON_BLOCKS = YES;
				GCC_WARN_64_TO_32_BIT_CONVERSION = YES;
				GCC_WARN_ABOUT_RETURN_TYPE = YES_ERROR;
				GCC_WARN_UNDECLARED_SELECTOR = YES;
				GCC_WARN_UNINITIALIZED_AUTOS = YES_AGGRESSIVE;
				GCC_WARN_UNUSED_FUNCTION = YES;
				GCC_WARN_UNUSED_VARIABLE = YES;
				IPHONEOS_DEPLOYMENT_TARGET = 10.3;
				MTL_ENABLE_DEBUG_INFO = NO;
				SDKROOT = iphoneos;
				VALIDATE_PRODUCT = YES;
			};
			name = Release;
		};
		FB7F35C91F1EEE5600F4E40D /* Debug */ = {
			isa = XCBuildConfiguration;
			baseConfigurationReference = 340BF4D4DF321BBE32C73BD7 /* Pods-PieChartDemo.debug.xcconfig */;
			buildSettings = {
				ASSETCATALOG_COMPILER_APPICON_NAME = AppIcon;
				CLANG_ENABLE_MODULES = YES;
				INFOPLIST_FILE = PieChartDemo/Info.plist;
				LD_RUNPATH_SEARCH_PATHS = "$(inherited) @executable_path/Frameworks";
				PRODUCT_BUNDLE_IDENTIFIER = duodian.PieChartDemo;
				PRODUCT_NAME = "$(TARGET_NAME)";
				SWIFT_OBJC_BRIDGING_HEADER = "PieChartDemo/PieChartDemo-Bridging-Header.h";
				SWIFT_OPTIMIZATION_LEVEL = "-Onone";
				SWIFT_VERSION = 3.0;
			};
			name = Debug;
		};
		FB7F35CA1F1EEE5600F4E40D /* Release */ = {
			isa = XCBuildConfiguration;
			baseConfigurationReference = 538B34D9731CE7997056D777 /* Pods-PieChartDemo.release.xcconfig */;
			buildSettings = {
				ASSETCATALOG_COMPILER_APPICON_NAME = AppIcon;
				CLANG_ENABLE_MODULES = YES;
				INFOPLIST_FILE = PieChartDemo/Info.plist;
				LD_RUNPATH_SEARCH_PATHS = "$(inherited) @executable_path/Frameworks";
				PRODUCT_BUNDLE_IDENTIFIER = duodian.PieChartDemo;
				PRODUCT_NAME = "$(TARGET_NAME)";
				SWIFT_OBJC_BRIDGING_HEADER = "PieChartDemo/PieChartDemo-Bridging-Header.h";
				SWIFT_VERSION = 3.0;
			};
			name = Release;
		};
/* End XCBuildConfiguration section */

/* Begin XCConfigurationList section */
		FB7F35AC1F1EEE5600F4E40D /* Build configuration list for PBXProject "PieChartDemo" */ = {
			isa = XCConfigurationList;
			buildConfigurations = (
				FB7F35C61F1EEE5600F4E40D /* Debug */,
				FB7F35C71F1EEE5600F4E40D /* Release */,
			);
			defaultConfigurationIsVisible = 0;
			defaultConfigurationName = Release;
		};
		FB7F35C81F1EEE5600F4E40D /* Build configuration list for PBXNativeTarget "PieChartDemo" */ = {
			isa = XCConfigurationList;
			buildConfigurations = (
				FB7F35C91F1EEE5600F4E40D /* Debug */,
				FB7F35CA1F1EEE5600F4E40D /* Release */,
			);
			defaultConfigurationIsVisible = 0;
			defaultConfigurationName = Release;
		};
/* End XCConfigurationList section */
	};
	rootObject = FB7F35A91F1EEE5600F4E40D /* Project object */;
}
